// !$*UTF8*$!
{
	archiveVersion = 1;
	classes = {
	};
	objectVersion = 50;
	objects = {

/* Begin PBXBuildFile section */
		0117534F225DBAE400EBAFBC /* AppDelegate.swift in Sources */ = {isa = PBXBuildFile; fileRef = 0117534E225DBAE400EBAFBC /* AppDelegate.swift */; };
		01175351225DBAE400EBAFBC /* ViewController.swift in Sources */ = {isa = PBXBuildFile; fileRef = 01175350225DBAE400EBAFBC /* ViewController.swift */; };
		01175354225DBAE400EBAFBC /* Main.storyboard in Resources */ = {isa = PBXBuildFile; fileRef = 01175352225DBAE400EBAFBC /* Main.storyboard */; };
		01175357225DBAE400EBAFBC /* Collection.xcdatamodeld in Sources */ = {isa = PBXBuildFile; fileRef = 01175355225DBAE400EBAFBC /* Collection.xcdatamodeld */; };
		01175359225DBAE500EBAFBC /* Assets.xcassets in Resources */ = {isa = PBXBuildFile; fileRef = 01175358225DBAE500EBAFBC /* Assets.xcassets */; };
		0117535C225DBAE500EBAFBC /* LaunchScreen.storyboard in Resources */ = {isa = PBXBuildFile; fileRef = 0117535A225DBAE500EBAFBC /* LaunchScreen.storyboard */; };
		01175365225DC2E300EBAFBC /* ImageViewController.swift in Sources */ = {isa = PBXBuildFile; fileRef = 01175363225DBB5500EBAFBC /* ImageViewController.swift */; };
		01175367225DCF8100EBAFBC /* ModelStorage.swift in Sources */ = {isa = PBXBuildFile; fileRef = 01175366225DCF8100EBAFBC /* ModelStorage.swift */; };
		0117536B225DDA8900EBAFBC /* FileViewController.swift in Sources */ = {isa = PBXBuildFile; fileRef = 0117536A225DDA8900EBAFBC /* FileViewController.swift */; };
		0117536D225DF99700EBAFBC /* ObjectPojo.swift in Sources */ = {isa = PBXBuildFile; fileRef = 0117536C225DF99700EBAFBC /* ObjectPojo.swift */; };
		0117536F225E0B1700EBAFBC /* Serialize.swift in Sources */ = {isa = PBXBuildFile; fileRef = 0117536E225E0B1700EBAFBC /* Serialize.swift */; };
		01175371225E93AB00EBAFBC /* RestViewController.swift in Sources */ = {isa = PBXBuildFile; fileRef = 01175370225E93AB00EBAFBC /* RestViewController.swift */; };
		01175373225F73E500EBAFBC /* BusinessViewController.swift in Sources */ = {isa = PBXBuildFile; fileRef = 01175372225F73E500EBAFBC /* BusinessViewController.swift */; };
		01175375225F7D8F00EBAFBC /* GeoViewController.swift in Sources */ = {isa = PBXBuildFile; fileRef = 01175374225F7D8F00EBAFBC /* GeoViewController.swift */; };
/* End PBXBuildFile section */

/* Begin PBXFileReference section */
		0117534B225DBAE400EBAFBC /* Collection.app */ = {isa = PBXFileReference; explicitFileType = wrapper.application; includeInIndex = 0; path = Collection.app; sourceTree = BUILT_PRODUCTS_DIR; };
		0117534E225DBAE400EBAFBC /* AppDelegate.swift */ = {isa = PBXFileReference; lastKnownFileType = sourcecode.swift; path = AppDelegate.swift; sourceTree = "<group>"; };
		01175350225DBAE400EBAFBC /* ViewController.swift */ = {isa = PBXFileReference; lastKnownFileType = sourcecode.swift; path = ViewController.swift; sourceTree = "<group>"; };
		01175353225DBAE400EBAFBC /* Base */ = {isa = PBXFileReference; lastKnownFileType = file.storyboard; name = Base; path = Base.lproj/Main.storyboard; sourceTree = "<group>"; };
		01175356225DBAE400EBAFBC /* Collection.xcdatamodel */ = {isa = PBXFileReference; lastKnownFileType = wrapper.xcdatamodel; path = Collection.xcdatamodel; sourceTree = "<group>"; };
		01175358225DBAE500EBAFBC /* Assets.xcassets */ = {isa = PBXFileReference; lastKnownFileType = folder.assetcatalog; path = Assets.xcassets; sourceTree = "<group>"; };
		0117535B225DBAE500EBAFBC /* Base */ = {isa = PBXFileReference; lastKnownFileType = file.storyboard; name = Base; path = Base.lproj/LaunchScreen.storyboard; sourceTree = "<group>"; };
		0117535D225DBAE500EBAFBC /* Info.plist */ = {isa = PBXFileReference; lastKnownFileType = text.plist.xml; path = Info.plist; sourceTree = "<group>"; };
		01175363225DBB5500EBAFBC /* ImageViewController.swift */ = {isa = PBXFileReference; lastKnownFileType = sourcecode.swift; path = ImageViewController.swift; sourceTree = "<group>"; };
		01175366225DCF8100EBAFBC /* ModelStorage.swift */ = {isa = PBXFileReference; lastKnownFileType = sourcecode.swift; path = ModelStorage.swift; sourceTree = "<group>"; };
		0117536A225DDA8900EBAFBC /* FileViewController.swift */ = {isa = PBXFileReference; lastKnownFileType = sourcecode.swift; path = FileViewController.swift; sourceTree = "<group>"; };
		0117536C225DF99700EBAFBC /* ObjectPojo.swift */ = {isa = PBXFileReference; lastKnownFileType = sourcecode.swift; path = ObjectPojo.swift; sourceTree = "<group>"; };
		0117536E225E0B1700EBAFBC /* Serialize.swift */ = {isa = PBXFileReference; lastKnownFileType = sourcecode.swift; path = Serialize.swift; sourceTree = "<group>"; };
		01175370225E93AB00EBAFBC /* RestViewController.swift */ = {isa = PBXFileReference; lastKnownFileType = sourcecode.swift; name = RestViewController.swift; path = ../classes/RestViewController.swift; sourceTree = "<group>"; };
		01175372225F73E500EBAFBC /* BusinessViewController.swift */ = {isa = PBXFileReference; lastKnownFileType = sourcecode.swift; path = BusinessViewController.swift; sourceTree = "<group>"; };
		01175374225F7D8F00EBAFBC /* GeoViewController.swift */ = {isa = PBXFileReference; lastKnownFileType = sourcecode.swift; path = GeoViewController.swift; sourceTree = "<group>"; };
/* End PBXFileReference section */

/* Begin PBXFrameworksBuildPhase section */
		01175348225DBAE400EBAFBC /* Frameworks */ = {
			isa = PBXFrameworksBuildPhase;
			buildActionMask = 2147483647;
			files = (
			);
			runOnlyForDeploymentPostprocessing = 0;
		};
/* End PBXFrameworksBuildPhase section */

/* Begin PBXGroup section */
		01175342225DBAE400EBAFBC = {
			isa = PBXGroup;
			children = (
				0117534D225DBAE400EBAFBC /* Collection */,
				0117534C225DBAE400EBAFBC /* Products */,
			);
			sourceTree = "<group>";
		};
		0117534C225DBAE400EBAFBC /* Products */ = {
			isa = PBXGroup;
			children = (
				0117534B225DBAE400EBAFBC /* Collection.app */,
			);
			name = Products;
			sourceTree = "<group>";
		};
		0117534D225DBAE400EBAFBC /* Collection */ = {
			isa = PBXGroup;
			children = (
				01175369225DDA6600EBAFBC /* classes */,
				01175368225DDA2800EBAFBC /* controllers */,
				0117534E225DBAE400EBAFBC /* AppDelegate.swift */,
				01175352225DBAE400EBAFBC /* Main.storyboard */,
				01175358225DBAE500EBAFBC /* Assets.xcassets */,
				0117535A225DBAE500EBAFBC /* LaunchScreen.storyboard */,
				0117535D225DBAE500EBAFBC /* Info.plist */,
				01175355225DBAE400EBAFBC /* Collection.xcdatamodeld */,
			);
			path = Collection;
			sourceTree = "<group>";
		};
		01175368225DDA2800EBAFBC /* controllers */ = {
			isa = PBXGroup;
			children = (
				01175370225E93AB00EBAFBC /* RestViewController.swift */,
				01175350225DBAE400EBAFBC /* ViewController.swift */,
				01175363225DBB5500EBAFBC /* ImageViewController.swift */,
				0117536A225DDA8900EBAFBC /* FileViewController.swift */,
				01175372225F73E500EBAFBC /* BusinessViewController.swift */,
				01175374225F7D8F00EBAFBC /* GeoViewController.swift */,
			);
			path = controllers;
			sourceTree = "<group>";
		};
		01175369225DDA6600EBAFBC /* classes */ = {
			isa = PBXGroup;
			children = (
				01175366225DCF8100EBAFBC /* ModelStorage.swift */,
				0117536C225DF99700EBAFBC /* ObjectPojo.swift */,
				0117536E225E0B1700EBAFBC /* Serialize.swift */,
			);
			path = classes;
			sourceTree = "<group>";
		};
/* End PBXGroup section */

/* Begin PBXNativeTarget section */
		0117534A225DBAE400EBAFBC /* Collection */ = {
			isa = PBXNativeTarget;
			buildConfigurationList = 01175360225DBAE500EBAFBC /* Build configuration list for PBXNativeTarget "Collection" */;
			buildPhases = (
				01175347225DBAE400EBAFBC /* Sources */,
				01175348225DBAE400EBAFBC /* Frameworks */,
				01175349225DBAE400EBAFBC /* Resources */,
			);
			buildRules = (
			);
			dependencies = (
			);
			name = Collection;
			productName = Collection;
			productReference = 0117534B225DBAE400EBAFBC /* Collection.app */;
			productType = "com.apple.product-type.application";
		};
/* End PBXNativeTarget section */

/* Begin PBXProject section */
		01175343225DBAE400EBAFBC /* Project object */ = {
			isa = PBXProject;
			attributes = {
				LastSwiftUpdateCheck = 1020;
				LastUpgradeCheck = 1020;
				ORGANIZATIONNAME = x;
				TargetAttributes = {
					0117534A225DBAE400EBAFBC = {
						CreatedOnToolsVersion = 10.2;
					};
				};
			};
			buildConfigurationList = 01175346225DBAE400EBAFBC /* Build configuration list for PBXProject "Collection" */;
			compatibilityVersion = "Xcode 9.3";
			developmentRegion = en;
			hasScannedForEncodings = 0;
			knownRegions = (
				en,
				Base,
			);
			mainGroup = 01175342225DBAE400EBAFBC;
			productRefGroup = 0117534C225DBAE400EBAFBC /* Products */;
			projectDirPath = "";
			projectRoot = "";
			targets = (
				0117534A225DBAE400EBAFBC /* Collection */,
			);
		};
/* End PBXProject section */

/* Begin PBXResourcesBuildPhase section */
		01175349225DBAE400EBAFBC /* Resources */ = {
			isa = PBXResourcesBuildPhase;
			buildActionMask = 2147483647;
			files = (
				0117535C225DBAE500EBAFBC /* LaunchScreen.storyboard in Resources */,
				01175359225DBAE500EBAFBC /* Assets.xcassets in Resources */,
				01175354225DBAE400EBAFBC /* Main.storyboard in Resources */,
			);
			runOnlyForDeploymentPostprocessing = 0;
		};
/* End PBXResourcesBuildPhase section */

/* Begin PBXSourcesBuildPhase section */
		01175347225DBAE400EBAFBC /* Sources */ = {
			isa = PBXSourcesBuildPhase;
			buildActionMask = 2147483647;
			files = (
				0117536B225DDA8900EBAFBC /* FileViewController.swift in Sources */,
				01175371225E93AB00EBAFBC /* RestViewController.swift in Sources */,
				01175367225DCF8100EBAFBC /* ModelStorage.swift in Sources */,
				01175375225F7D8F00EBAFBC /* GeoViewController.swift in Sources */,
				0117536F225E0B1700EBAFBC /* Serialize.swift in Sources */,
				01175351225DBAE400EBAFBC /* ViewController.swift in Sources */,
				01175357225DBAE400EBAFBC /* Collection.xcdatamodeld in Sources */,
				01175365225DC2E300EBAFBC /* ImageViewController.swift in Sources */,
				0117536D225DF99700EBAFBC /* ObjectPojo.swift in Sources */,
				01175373225F73E500EBAFBC /* BusinessViewController.swift in Sources */,
				0117534F225DBAE400EBAFBC /* AppDelegate.swift in Sources */,
			);
			runOnlyForDeploymentPostprocessing = 0;
		};
/* End PBXSourcesBuildPhase section */

/* Begin PBXVariantGroup section */
		01175352225DBAE400EBAFBC /* Main.storyboard */ = {
			isa = PBXVariantGroup;
			children = (
				01175353225DBAE400EBAFBC /* Base */,
			);
			name = Main.storyboard;
			sourceTree = "<group>";
		};
		0117535A225DBAE500EBAFBC /* LaunchScreen.storyboard */ = {
			isa = PBXVariantGroup;
			children = (
				0117535B225DBAE500EBAFBC /* Base */,
			);
			name = LaunchScreen.storyboard;
			sourceTree = "<group>";
		};
/* End PBXVariantGroup section */

/* Begin XCBuildConfiguration section */
		0117535E225DBAE500EBAFBC /* Debug */ = {
			isa = XCBuildConfiguration;
			buildSettings = {
				ALWAYS_SEARCH_USER_PATHS = NO;
				CLANG_ANALYZER_NONNULL = YES;
				CLANG_ANALYZER_NUMBER_OBJECT_CONVERSION = YES_AGGRESSIVE;
				CLANG_CXX_LANGUAGE_STANDARD = "gnu++14";
				CLANG_CXX_LIBRARY = "libc++";
				CLANG_ENABLE_MODULES = YES;
				CLANG_ENABLE_OBJC_ARC = YES;
				CLANG_ENABLE_OBJC_WEAK = YES;
				CLANG_WARN_BLOCK_CAPTURE_AUTORELEASING = YES;
				CLANG_WARN_BOOL_CONVERSION = YES;
				CLANG_WARN_COMMA = YES;
				CLANG_WARN_CONSTANT_CONVERSION = YES;
				CLANG_WARN_DEPRECATED_OBJC_IMPLEMENTATIONS = YES;
				CLANG_WARN_DIRECT_OBJC_ISA_USAGE = YES_ERROR;
				CLANG_WARN_DOCUMENTATION_COMMENTS = YES;
				CLANG_WARN_EMPTY_BODY = YES;
				CLANG_WARN_ENUM_CONVERSION = YES;
				CLANG_WARN_INFINITE_RECURSION = YES;
				CLANG_WARN_INT_CONVERSION = YES;
				CLANG_WARN_NON_LITERAL_NULL_CONVERSION = YES;
				CLANG_WARN_OBJC_IMPLICIT_RETAIN_SELF = YES;
				CLANG_WARN_OBJC_LITERAL_CONVERSION = YES;
				CLANG_WARN_OBJC_ROOT_CLASS = YES_ERROR;
				CLANG_WARN_RANGE_LOOP_ANALYSIS = YES;
				CLANG_WARN_STRICT_PROTOTYPES = YES;
				CLANG_WARN_SUSPICIOUS_MOVE = YES;
				CLANG_WARN_UNGUARDED_AVAILABILITY = YES_AGGRESSIVE;
				CLANG_WARN_UNREACHABLE_CODE = YES;
				CLANG_WARN__DUPLICATE_METHOD_MATCH = YES;
				CODE_SIGN_IDENTITY = "iPhone Developer";
				COPY_PHASE_STRIP = NO;
				DEBUG_INFORMATION_FORMAT = dwarf;
				ENABLE_STRICT_OBJC_MSGSEND = YES;
				ENABLE_TESTABILITY = YES;
				GCC_C_LANGUAGE_STANDARD = gnu11;
				GCC_DYNAMIC_NO_PIC = NO;
				GCC_NO_COMMON_BLOCKS = YES;
				GCC_OPTIMIZATION_LEVEL = 0;
				GCC_PREPROCESSOR_DEFINITIONS = (
					"DEBUG=1",
					"$(inherited)",
				);
				GCC_WARN_64_TO_32_BIT_CONVERSION = YES;
				GCC_WARN_ABOUT_RETURN_TYPE = YES_ERROR;
				GCC_WARN_UNDECLARED_SELECTOR = YES;
				GCC_WARN_UNINITIALIZED_AUTOS = YES_AGGRESSIVE;
				GCC_WARN_UNUSED_FUNCTION = YES;
				GCC_WARN_UNUSED_VARIABLE = YES;
				IPHONEOS_DEPLOYMENT_TARGET = 12.2;
				MTL_ENABLE_DEBUG_INFO = INCLUDE_SOURCE;
				MTL_FAST_MATH = YES;
				ONLY_ACTIVE_ARCH = YES;
				SDKROOT = iphoneos;
				SWIFT_ACTIVE_COMPILATION_CONDITIONS = DEBUG;
				SWIFT_OPTIMIZATION_LEVEL = "-Onone";
			};
			name = Debug;
		};
		0117535F225DBAE500EBAFBC /* Release */ = {
			isa = XCBuildConfiguration;
			buildSettings = {
				ALWAYS_SEARCH_USER_PATHS = NO;
				CLANG_ANALYZER_NONNULL = YES;
				CLANG_ANALYZER_NUMBER_OBJECT_CONVERSION = YES_AGGRESSIVE;
				CLANG_CXX_LANGUAGE_STANDARD = "gnu++14";
				CLANG_CXX_LIBRARY = "libc++";
				CLANG_ENABLE_MODULES = YES;
				CLANG_ENABLE_OBJC_ARC = YES;
				CLANG_ENABLE_OBJC_WEAK = YES;
				CLANG_WARN_BLOCK_CAPTURE_AUTORELEASING = YES;
				CLANG_WARN_BOOL_CONVERSION = YES;
				CLANG_WARN_COMMA = YES;
				CLANG_WARN_CONSTANT_CONVERSION = YES;
				CLANG_WARN_DEPRECATED_OBJC_IMPLEMENTATIONS = YES;
				CLANG_WARN_DIRECT_OBJC_ISA_USAGE = YES_ERROR;
				CLANG_WARN_DOCUMENTATION_COMMENTS = YES;
				CLANG_WARN_EMPTY_BODY = YES;
				CLANG_WARN_ENUM_CONVERSION = YES;
				CLANG_WARN_INFINITE_RECURSION = YES;
				CLANG_WARN_INT_CONVERSION = YES;
				CLANG_WARN_NON_LITERAL_NULL_CONVERSION = YES;
				CLANG_WARN_OBJC_IMPLICIT_RETAIN_SELF = YES;
				CLANG_WARN_OBJC_LITERAL_CONVERSION = YES;
				CLANG_WARN_OBJC_ROOT_CLASS = YES_ERROR;
				CLANG_WARN_RANGE_LOOP_ANALYSIS = YES;
				CLANG_WARN_STRICT_PROTOTYPES = YES;
				CLANG_WARN_SUSPICIOUS_MOVE = YES;
				CLANG_WARN_UNGUARDED_AVAILABILITY = YES_AGGRESSIVE;
				CLANG_WARN_UNREACHABLE_CODE = YES;
				CLANG_WARN__DUPLICATE_METHOD_MATCH = YES;
				CODE_SIGN_IDENTITY = "iPhone Developer";
				COPY_PHASE_STRIP = NO;
				DEBUG_INFORMATION_FORMAT = "dwarf-with-dsym";
				ENABLE_NS_ASSERTIONS = NO;
				ENABLE_STRICT_OBJC_MSGSEND = YES;
				GCC_C_LANGUAGE_STANDARD = gnu11;
				GCC_NO_COMMON_BLOCKS = YES;
				GCC_WARN_64_TO_32_BIT_CONVERSION = YES;
				GCC_WARN_ABOUT_RETURN_TYPE = YES_ERROR;
				GCC_WARN_UNDECLARED_SELECTOR = YES;
				GCC_WARN_UNINITIALIZED_AUTOS = YES_AGGRESSIVE;
				GCC_WARN_UNUSED_FUNCTION = YES;
				GCC_WARN_UNUSED_VARIABLE = YES;
				IPHONEOS_DEPLOYMENT_TARGET = 12.2;
				MTL_ENABLE_DEBUG_INFO = NO;
				MTL_FAST_MATH = YES;
				SDKROOT = iphoneos;
				SWIFT_COMPILATION_MODE = wholemodule;
				SWIFT_OPTIMIZATION_LEVEL = "-O";
				VALIDATE_PRODUCT = YES;
			};
			name = Release;
		};
		01175361225DBAE500EBAFBC /* Debug */ = {
			isa = XCBuildConfiguration;
			buildSettings = {
				ASSETCATALOG_COMPILER_APPICON_NAME = AppIcon;
				CODE_SIGN_STYLE = Automatic;
				DEVELOPMENT_TEAM = TNULAWK25L;
				INFOPLIST_FILE = Collection/Info.plist;
				LD_RUNPATH_SEARCH_PATHS = (
					"$(inherited)",
					"@executable_path/Frameworks",
				);
				PRODUCT_BUNDLE_IDENTIFIER = e.Collection.IJK;
				PRODUCT_NAME = "$(TARGET_NAME)";
				SWIFT_VERSION = 5.0;
				TARGETED_DEVICE_FAMILY = "1,2";
			};
			name = Debug;
		};
		01175362225DBAE500EBAFBC /* Release */ = {
			isa = XCBuildConfiguration;
			buildSettings = {
				ASSETCATALOG_COMPILER_APPICON_NAME = AppIcon;
				CODE_SIGN_STYLE = Automatic;
				DEVELOPMENT_TEAM = TNULAWK25L;
				INFOPLIST_FILE = Collection/Info.plist;
				LD_RUNPATH_SEARCH_PATHS = (
					"$(inherited)",
					"@executable_path/Frameworks",
				);
				PRODUCT_BUNDLE_IDENTIFIER = e.Collection.IJK;
				PRODUCT_NAME = "$(TARGET_NAME)";
				SWIFT_VERSION = 5.0;
				TARGETED_DEVICE_FAMILY = "1,2";
			};
			name = Release;
		};
/* End XCBuildConfiguration section */

/* Begin XCConfigurationList section */
		01175346225DBAE400EBAFBC /* Build configuration list for PBXProject "Collection" */ = {
			isa = XCConfigurationList;
			buildConfigurations = (
				0117535E225DBAE500EBAFBC /* Debug */,
				0117535F225DBAE500EBAFBC /* Release */,
			);
			defaultConfigurationIsVisible = 0;
			defaultConfigurationName = Release;
		};
		01175360225DBAE500EBAFBC /* Build configuration list for PBXNativeTarget "Collection" */ = {
			isa = XCConfigurationList;
			buildConfigurations = (
				01175361225DBAE500EBAFBC /* Debug */,
				01175362225DBAE500EBAFBC /* Release */,
			);
			defaultConfigurationIsVisible = 0;
			defaultConfigurationName = Release;
		};
/* End XCConfigurationList section */

/* Begin XCVersionGroup section */
		01175355225DBAE400EBAFBC /* Collection.xcdatamodeld */ = {
			isa = XCVersionGroup;
			children = (
				01175356225DBAE400EBAFBC /* Collection.xcdatamodel */,
			);
			currentVersion = 01175356225DBAE400EBAFBC /* Collection.xcdatamodel */;
			path = Collection.xcdatamodeld;
			sourceTree = "<group>";
			versionGroupType = wrapper.xcdatamodel;
		};
/* End XCVersionGroup section */
	};
	rootObject = 01175343225DBAE400EBAFBC /* Project object */;
}
